
Microsoft Visual Studio Solution File, Format Version 12.00
# Visual Studio Version 16
VisualStudioVersion = 16.0.29609.76
MinimumVisualStudioVersion = 10.0.40219.1
Project("{FAE04EC0-301F-11D3-BF4B-00C04F79EFBC}") = "BallSortPuzzleSolver", "BallSortPuzzleSolver\BallSortPuzzleSolver.csproj", "{00FA3586-CE28-4291-BA97-1ECD1B844BDC}"
EndProject
Global
	GlobalSection(SolutionConfigurationPlatforms) = preSolution
		Debug|Any CPU = Debug|Any CPU
		Release|Any CPU = Release|Any CPU
	EndGlobalSection
	GlobalSection(ProjectConfigurationPlatforms) = postSolution
		{00FA3586-CE28-4291-BA97-1ECD1B844BDC}.Debug|Any CPU.ActiveCfg = Debug|Any CPU
		{00FA3586-CE28-4291-BA97-1ECD1B844BDC}.Debug|Any CPU.Build.0 = Debug|Any CPU
		{00FA3586-CE28-4291-BA97-1ECD1B844BDC}.Release|Any CPU.ActiveCfg = Release|Any CPU
		{00FA3586-CE28-4291-BA97-1ECD1B844BDC}.Release|Any CPU.Build.0 = Release|Any CPU
	EndGlobalSection
	GlobalSection(SolutionProperties) = preSolution
		HideSolutionNode = FALSE
	EndGlobalSection
	GlobalSection(ExtensibilityGlobals) = postSolution
		SolutionGuid = {97ACCE7D-BE40-4236-9FE7-1E4782056153}
	EndGlobalSection
EndGlobal
